Microsoft Visual Studio Solution File, Format Version 12.00
# Visual Studio Version 17
VisualStudioVersion = 17.0.31903.59
MinimumVisualStudioVersion = 10.0.40219.1
Project("{FAE04EC0-301F-11D3-BF4B-00C04F79EFBC}") = "StreamHelper.Shared", "src\StreamHelper.Shared\StreamHelper.Shared.csproj", "{B4B0A4F7-2EB9-48DC-90DD-F06163CFD173}"
EndProject
Project("{FAE04EC0-301F-11D3-BF4B-00C04F79EFBC}") = "StreamHelper.Server", "src\StreamHelper.Server\StreamHelper.Server.csproj", "{1152E4E2-7884-4B92-AC5C-7B76F8107A39}"
EndProject
Project("{FAE04EC0-301F-11D3-BF4B-00C04F79EFBC}") = "StreamHelper.Client", "src\StreamHelper.Client\StreamHelper.Client.csproj", "{A0E58062-D0CD-46A0-947C-49F1A33637B2}"
EndProject
Project("{FAE04EC0-301F-11D3-BF4B-00C04F79EFBC}") = "StreamHelper.Tests", "tests\StreamHelper.Tests\StreamHelper.Tests.csproj", "{089ABC3E-0BF3-4187-8B91-905E7D4C579E}"
EndProject
Global
	GlobalSection(SolutionConfigurationPlatforms) = preSolution
		Debug|Any CPU = Debug|Any CPU
		Release|Any CPU = Release|Any CPU
	EndGlobalSection
	GlobalSection(ProjectConfigurationPlatforms) = postSolution
		{B4B0A4F7-2EB9-48DC-90DD-F06163CFD173}.Debug|Any CPU.ActiveCfg = Debug|Any CPU
		{B4B0A4F7-2EB9-48DC-90DD-F06163CFD173}.Debug|Any CPU.Build.0 = Debug|Any CPU
		{B4B0A4F7-2EB9-48DC-90DD-F06163CFD173}.Release|Any CPU.ActiveCfg = Release|Any CPU
		{B4B0A4F7-2EB9-48DC-90DD-F06163CFD173}.Release|Any CPU.Build.0 = Release|Any CPU
		{1152E4E2-7884-4B92-AC5C-7B76F8107A39}.Debug|Any CPU.ActiveCfg = Debug|Any CPU
		{1152E4E2-7884-4B92-AC5C-7B76F8107A39}.Debug|Any CPU.Build.0 = Debug|Any CPU
		{1152E4E2-7884-4B92-AC5C-7B76F8107A39}.Release|Any CPU.ActiveCfg = Release|Any CPU
		{1152E4E2-7884-4B92-AC5C-7B76F8107A39}.Release|Any CPU.Build.0 = Release|Any CPU
		{A0E58062-D0CD-46A0-947C-49F1A33637B2}.Debug|Any CPU.ActiveCfg = Debug|Any CPU
		{A0E58062-D0CD-46A0-947C-49F1A33637B2}.Debug|Any CPU.Build.0 = Debug|Any CPU
		{A0E58062-D0CD-46A0-947C-49F1A33637B2}.Release|Any CPU.ActiveCfg = Release|Any CPU
		{A0E58062-D0CD-46A0-947C-49F1A33637B2}.Release|Any CPU.Build.0 = Release|Any CPU
		{089ABC3E-0BF3-4187-8B91-905E7D4C579E}.Debug|Any CPU.ActiveCfg = Debug|Any CPU
		{089ABC3E-0BF3-4187-8B91-905E7D4C579E}.Debug|Any CPU.Build.0 = Debug|Any CPU
		{089ABC3E-0BF3-4187-8B91-905E7D4C579E}.Release|Any CPU.ActiveCfg = Release|Any CPU
		{089ABC3E-0BF3-4187-8B91-905E7D4C579E}.Release|Any CPU.Build.0 = Release|Any CPU
	EndGlobalSection
	GlobalSection(SolutionProperties) = preSolution
		HideSolutionNode = FALSE
	EndGlobalSection
EndGlobal
